// !$*UTF8*$!
{
	archiveVersion = 1;
	classes = {
	};
	objectVersion = 48;
	objects = {

/* Begin PBXBuildFile section */
		511D54241FCCD83500C6B797 /* AppDelegate.swift in Sources */ = {isa = PBXBuildFile; fileRef = 511D54231FCCD83500C6B797 /* AppDelegate.swift */; };
		511D54261FCCD83500C6B797 /* ViewController.swift in Sources */ = {isa = PBXBuildFile; fileRef = 511D54251FCCD83500C6B797 /* ViewController.swift */; };
		511D54291FCCD83500C6B797 /* Main.storyboard in Resources */ = {isa = PBXBuildFile; fileRef = 511D54271FCCD83500C6B797 /* Main.storyboard */; };
		511D542B1FCCD83500C6B797 /* Assets.xcassets in Resources */ = {isa = PBXBuildFile; fileRef = 511D542A1FCCD83500C6B797 /* Assets.xcassets */; };
		511D542E1FCCD83500C6B797 /* LaunchScreen.storyboard in Resources */ = {isa = PBXBuildFile; fileRef = 511D542C1FCCD83500C6B797 /* LaunchScreen.storyboard */; };
		51E4DCE21FFEEC0000C47AAA /* Back in Black short.wav in Resources */ = {isa = PBXBuildFile; fileRef = 51E4DCE11FFEEC0000C47AAA /* Back in Black short.wav */; };
		51E4DCE41FFEEC0D00C47AAA /* What Do You Do for Money Honey short.wav in Resources */ = {isa = PBXBuildFile; fileRef = 51E4DCE31FFEEC0D00C47AAA /* What Do You Do for Money Honey short.wav */; };
		51E4DCEA2001EF7400C47AAA /* Baba O'Riley short.wav in Resources */ = {isa = PBXBuildFile; fileRef = 51E4DCE92001EF7400C47AAA /* Baba O'Riley short.wav */; };
		51F70C6E1FFEA609003E8BC3 /* note4.wav in Resources */ = {isa = PBXBuildFile; fileRef = 51F70C651FFEA609003E8BC3 /* note4.wav */; };
		51F70C6F1FFEA609003E8BC3 /* note5.wav in Resources */ = {isa = PBXBuildFile; fileRef = 51F70C661FFEA609003E8BC3 /* note5.wav */; };
		51F70C701FFEA609003E8BC3 /* note7.wav in Resources */ = {isa = PBXBuildFile; fileRef = 51F70C671FFEA609003E8BC3 /* note7.wav */; };
		51F70C711FFEA609003E8BC3 /* note6.wav in Resources */ = {isa = PBXBuildFile; fileRef = 51F70C681FFEA609003E8BC3 /* note6.wav */; };
		51F70C721FFEA609003E8BC3 /* All Shook Up Short.wav in Resources */ = {isa = PBXBuildFile; fileRef = 51F70C691FFEA609003E8BC3 /* All Shook Up Short.wav */; };
		51F70C731FFEA609003E8BC3 /* note2.wav in Resources */ = {isa = PBXBuildFile; fileRef = 51F70C6A1FFEA609003E8BC3 /* note2.wav */; };
		51F70C741FFEA609003E8BC3 /* note3.wav in Resources */ = {isa = PBXBuildFile; fileRef = 51F70C6B1FFEA609003E8BC3 /* note3.wav */; };
		51F70C751FFEA609003E8BC3 /* note1.wav in Resources */ = {isa = PBXBuildFile; fileRef = 51F70C6C1FFEA609003E8BC3 /* note1.wav */; };
		51F70C781FFEA80B003E8BC3 /* Dreamweaver.wav in Resources */ = {isa = PBXBuildFile; fileRef = 51F70C771FFEA80A003E8BC3 /* Dreamweaver.wav */; };
/* End PBXBuildFile section */

/* Begin PBXFileReference section */
		511D54201FCCD83500C6B797 /* I love Fatty.app */ = {isa = PBXFileReference; explicitFileType = wrapper.application; includeInIndex = 0; path = "I love Fatty.app"; sourceTree = BUILT_PRODUCTS_DIR; };
		511D54231FCCD83500C6B797 /* AppDelegate.swift */ = {isa = PBXFileReference; lastKnownFileType = sourcecode.swift; path = AppDelegate.swift; sourceTree = "<group>"; };
		511D54251FCCD83500C6B797 /* ViewController.swift */ = {isa = PBXFileReference; lastKnownFileType = sourcecode.swift; path = ViewController.swift; sourceTree = "<group>"; };
		511D54281FCCD83500C6B797 /* Base */ = {isa = PBXFileReference; lastKnownFileType = file.storyboard; name = Base; path = Base.lproj/Main.storyboard; sourceTree = "<group>"; };
		511D542A1FCCD83500C6B797 /* Assets.xcassets */ = {isa = PBXFileReference; lastKnownFileType = folder.assetcatalog; path = Assets.xcassets; sourceTree = "<group>"; };
		511D542D1FCCD83500C6B797 /* Base */ = {isa = PBXFileReference; lastKnownFileType = file.storyboard; name = Base; path = Base.lproj/LaunchScreen.storyboard; sourceTree = "<group>"; };
		511D542F1FCCD83500C6B797 /* Info.plist */ = {isa = PBXFileReference; lastKnownFileType = text.plist.xml; path = Info.plist; sourceTree = "<group>"; };
		51E4DCE11FFEEC0000C47AAA /* Back in Black short.wav */ = {isa = PBXFileReference; lastKnownFileType = audio.wav; path = "Back in Black short.wav"; sourceTree = "<group>"; };
		51E4DCE31FFEEC0D00C47AAA /* What Do You Do for Money Honey short.wav */ = {isa = PBXFileReference; lastKnownFileType = audio.wav; path = "What Do You Do for Money Honey short.wav"; sourceTree = "<group>"; };
		51E4DCE92001EF7400C47AAA /* Baba O'Riley short.wav */ = {isa = PBXFileReference; lastKnownFileType = audio.wav; path = "Baba O'Riley short.wav"; sourceTree = "<group>"; };
		51F70C651FFEA609003E8BC3 /* note4.wav */ = {isa = PBXFileReference; lastKnownFileType = audio.wav; path = note4.wav; sourceTree = "<group>"; };
		51F70C661FFEA609003E8BC3 /* note5.wav */ = {isa = PBXFileReference; lastKnownFileType = audio.wav; path = note5.wav; sourceTree = "<group>"; };
		51F70C671FFEA609003E8BC3 /* note7.wav */ = {isa = PBXFileReference; lastKnownFileType = audio.wav; path = note7.wav; sourceTree = "<group>"; };
		51F70C681FFEA609003E8BC3 /* note6.wav */ = {isa = PBXFileReference; lastKnownFileType = audio.wav; path = note6.wav; sourceTree = "<group>"; };
		51F70C691FFEA609003E8BC3 /* All Shook Up Short.wav */ = {isa = PBXFileReference; lastKnownFileType = audio.wav; path = "All Shook Up Short.wav"; sourceTree = "<group>"; };
		51F70C6A1FFEA609003E8BC3 /* note2.wav */ = {isa = PBXFileReference; lastKnownFileType = audio.wav; path = note2.wav; sourceTree = "<group>"; };
		51F70C6B1FFEA609003E8BC3 /* note3.wav */ = {isa = PBXFileReference; lastKnownFileType = audio.wav; path = note3.wav; sourceTree = "<group>"; };
		51F70C6C1FFEA609003E8BC3 /* note1.wav */ = {isa = PBXFileReference; lastKnownFileType = audio.wav; path = note1.wav; sourceTree = "<group>"; };
		51F70C771FFEA80A003E8BC3 /* Dreamweaver.wav */ = {isa = PBXFileReference; lastKnownFileType = audio.wav; path = Dreamweaver.wav; sourceTree = "<group>"; };
/* End PBXFileReference section */

/* Begin PBXFrameworksBuildPhase section */
		511D541D1FCCD83500C6B797 /* Frameworks */ = {
			isa = PBXFrameworksBuildPhase;
			buildActionMask = 2147483647;
			files = (
			);
			runOnlyForDeploymentPostprocessing = 0;
		};
/* End PBXFrameworksBuildPhase section */

/* Begin PBXGroup section */
		511D54171FCCD83500C6B797 = {
			isa = PBXGroup;
			children = (
				511D54221FCCD83500C6B797 /* I love Fatty */,
				511D54211FCCD83500C6B797 /* Products */,
			);
			sourceTree = "<group>";
		};
		511D54211FCCD83500C6B797 /* Products */ = {
			isa = PBXGroup;
			children = (
				511D54201FCCD83500C6B797 /* I love Fatty.app */,
			);
			name = Products;
			sourceTree = "<group>";
		};
		511D54221FCCD83500C6B797 /* I love Fatty */ = {
			isa = PBXGroup;
			children = (
				511D54231FCCD83500C6B797 /* AppDelegate.swift */,
				511D54251FCCD83500C6B797 /* ViewController.swift */,
				511D54271FCCD83500C6B797 /* Main.storyboard */,
				511D542A1FCCD83500C6B797 /* Assets.xcassets */,
				511D542C1FCCD83500C6B797 /* LaunchScreen.storyboard */,
				511D542F1FCCD83500C6B797 /* Info.plist */,
				51F70C641FFEA609003E8BC3 /* Sound Files */,
			);
			path = "I love Fatty";
			sourceTree = "<group>";
		};
		51F70C641FFEA609003E8BC3 /* Sound Files */ = {
			isa = PBXGroup;
			children = (
				51E4DCE92001EF7400C47AAA /* Baba O'Riley short.wav */,
				51E4DCE31FFEEC0D00C47AAA /* What Do You Do for Money Honey short.wav */,
				51E4DCE11FFEEC0000C47AAA /* Back in Black short.wav */,
				51F70C771FFEA80A003E8BC3 /* Dreamweaver.wav */,
				51F70C651FFEA609003E8BC3 /* note4.wav */,
				51F70C661FFEA609003E8BC3 /* note5.wav */,
				51F70C671FFEA609003E8BC3 /* note7.wav */,
				51F70C681FFEA609003E8BC3 /* note6.wav */,
				51F70C691FFEA609003E8BC3 /* All Shook Up Short.wav */,
				51F70C6A1FFEA609003E8BC3 /* note2.wav */,
				51F70C6B1FFEA609003E8BC3 /* note3.wav */,
				51F70C6C1FFEA609003E8BC3 /* note1.wav */,
			);
			path = "Sound Files";
			sourceTree = "<group>";
		};
/* End PBXGroup section */

/* Begin PBXNativeTarget section */
		511D541F1FCCD83500C6B797 /* I love Fatty */ = {
			isa = PBXNativeTarget;
			buildConfigurationList = 511D54321FCCD83500C6B797 /* Build configuration list for PBXNativeTarget "I love Fatty" */;
			buildPhases = (
				511D541C1FCCD83500C6B797 /* Sources */,
				511D541D1FCCD83500C6B797 /* Frameworks */,
				511D541E1FCCD83500C6B797 /* Resources */,
			);
			buildRules = (
			);
			dependencies = (
			);
			name = "I love Fatty";
			productName = "I love Fatty";
			productReference = 511D54201FCCD83500C6B797 /* I love Fatty.app */;
			productType = "com.apple.product-type.application";
		};
/* End PBXNativeTarget section */

/* Begin PBXProject section */
		511D54181FCCD83500C6B797 /* Project object */ = {
			isa = PBXProject;
			attributes = {
				LastSwiftUpdateCheck = 0910;
				LastUpgradeCheck = 0910;
				ORGANIZATIONNAME = "Vincent Ratford";
				TargetAttributes = {
					511D541F1FCCD83500C6B797 = {
						CreatedOnToolsVersion = 9.1;
						ProvisioningStyle = Automatic;
					};
				};
			};
			buildConfigurationList = 511D541B1FCCD83500C6B797 /* Build configuration list for PBXProject "IloveFatty" */;
			compatibilityVersion = "Xcode 8.0";
			developmentRegion = en;
			hasScannedForEncodings = 0;
			knownRegions = (
				en,
				Base,
			);
			mainGroup = 511D54171FCCD83500C6B797;
			productRefGroup = 511D54211FCCD83500C6B797 /* Products */;
			projectDirPath = "";
			projectRoot = "";
			targets = (
				511D541F1FCCD83500C6B797 /* I love Fatty */,
			);
		};
/* End PBXProject section */

/* Begin PBXResourcesBuildPhase section */
		511D541E1FCCD83500C6B797 /* Resources */ = {
			isa = PBXResourcesBuildPhase;
			buildActionMask = 2147483647;
			files = (
				51E4DCEA2001EF7400C47AAA /* Baba O'Riley short.wav in Resources */,
				51F70C731FFEA609003E8BC3 /* note2.wav in Resources */,
				51F70C701FFEA609003E8BC3 /* note7.wav in Resources */,
				51F70C6F1FFEA609003E8BC3 /* note5.wav in Resources */,
				511D542E1FCCD83500C6B797 /* LaunchScreen.storyboard in Resources */,
				51F70C741FFEA609003E8BC3 /* note3.wav in Resources */,
				51E4DCE21FFEEC0000C47AAA /* Back in Black short.wav in Resources */,
				51F70C711FFEA609003E8BC3 /* note6.wav in Resources */,
				51F70C751FFEA609003E8BC3 /* note1.wav in Resources */,
				51F70C721FFEA609003E8BC3 /* All Shook Up Short.wav in Resources */,
				51E4DCE41FFEEC0D00C47AAA /* What Do You Do for Money Honey short.wav in Resources */,
				511D542B1FCCD83500C6B797 /* Assets.xcassets in Resources */,
				511D54291FCCD83500C6B797 /* Main.storyboard in Resources */,
				51F70C6E1FFEA609003E8BC3 /* note4.wav in Resources */,
				51F70C781FFEA80B003E8BC3 /* Dreamweaver.wav in Resources */,
			);
			runOnlyForDeploymentPostprocessing = 0;
		};
/* End PBXResourcesBuildPhase section */

/* Begin PBXSourcesBuildPhase section */
		511D541C1FCCD83500C6B797 /* Sources */ = {
			isa = PBXSourcesBuildPhase;
			buildActionMask = 2147483647;
			files = (
				511D54261FCCD83500C6B797 /* ViewController.swift in Sources */,
				511D54241FCCD83500C6B797 /* AppDelegate.swift in Sources */,
			);
			runOnlyForDeploymentPostprocessing = 0;
		};
/* End PBXSourcesBuildPhase section */

/* Begin PBXVariantGroup section */
		511D54271FCCD83500C6B797 /* Main.storyboard */ = {
			isa = PBXVariantGroup;
			children = (
				511D54281FCCD83500C6B797 /* Base */,
			);
			name = Main.storyboard;
			sourceTree = "<group>";
		};
		511D542C1FCCD83500C6B797 /* LaunchScreen.storyboard */ = {
			isa = PBXVariantGroup;
			children = (
				511D542D1FCCD83500C6B797 /* Base */,
			);
			name = LaunchScreen.storyboard;
			sourceTree = "<group>";
		};
/* End PBXVariantGroup section */

/* Begin XCBuildConfiguration section */
		511D54301FCCD83500C6B797 /* Debug */ = {
			isa = XCBuildConfiguration;
			buildSettings = {
				ALWAYS_SEARCH_USER_PATHS = NO;
				CLANG_ANALYZER_NONNULL = YES;
				CLANG_ANALYZER_NUMBER_OBJECT_CONVERSION = YES_AGGRESSIVE;
				CLANG_CXX_LANGUAGE_STANDARD = "gnu++14";
				CLANG_CXX_LIBRARY = "libc++";
				CLANG_ENABLE_MODULES = YES;
				CLANG_ENABLE_OBJC_ARC = YES;
				CLANG_WARN_BLOCK_CAPTURE_AUTORELEASING = YES;
				CLANG_WARN_BOOL_CONVERSION = YES;
				CLANG_WARN_COMMA = YES;
				CLANG_WARN_CONSTANT_CONVERSION = YES;
				CLANG_WARN_DIRECT_OBJC_ISA_USAGE = YES_ERROR;
				CLANG_WARN_DOCUMENTATION_COMMENTS = YES;
				CLANG_WARN_EMPTY_BODY = YES;
				CLANG_WARN_ENUM_CONVERSION = YES;
				CLANG_WARN_INFINITE_RECURSION = YES;
				CLANG_WARN_INT_CONVERSION = YES;
				CLANG_WARN_NON_LITERAL_NULL_CONVERSION = YES;
				CLANG_WARN_OBJC_LITERAL_CONVERSION = YES;
				CLANG_WARN_OBJC_ROOT_CLASS = YES_ERROR;
				CLANG_WARN_RANGE_LOOP_ANALYSIS = YES;
				CLANG_WARN_STRICT_PROTOTYPES = YES;
				CLANG_WARN_SUSPICIOUS_MOVE = YES;
				CLANG_WARN_UNGUARDED_AVAILABILITY = YES_AGGRESSIVE;
				CLANG_WARN_UNREACHABLE_CODE = YES;
				CLANG_WARN__DUPLICATE_METHOD_MATCH = YES;
				CODE_SIGN_IDENTITY = "iPhone Developer";
				COPY_PHASE_STRIP = NO;
				DEBUG_INFORMATION_FORMAT = dwarf;
				ENABLE_STRICT_OBJC_MSGSEND = YES;
				ENABLE_TESTABILITY = YES;
				GCC_C_LANGUAGE_STANDARD = gnu11;
				GCC_DYNAMIC_NO_PIC = NO;
				GCC_NO_COMMON_BLOCKS = YES;
				GCC_OPTIMIZATION_LEVEL = 0;
				GCC_PREPROCESSOR_DEFINITIONS = (
					"DEBUG=1",
					"$(inherited)",
				);
				GCC_WARN_64_TO_32_BIT_CONVERSION = YES;
				GCC_WARN_ABOUT_RETURN_TYPE = YES_ERROR;
				GCC_WARN_UNDECLARED_SELECTOR = YES;
				GCC_WARN_UNINITIALIZED_AUTOS = YES_AGGRESSIVE;
				GCC_WARN_UNUSED_FUNCTION = YES;
				GCC_WARN_UNUSED_VARIABLE = YES;
				IPHONEOS_DEPLOYMENT_TARGET = 11.1;
				MTL_ENABLE_DEBUG_INFO = YES;
				ONLY_ACTIVE_ARCH = YES;
				SDKROOT = iphoneos;
				SWIFT_ACTIVE_COMPILATION_CONDITIONS = DEBUG;
				SWIFT_OPTIMIZATION_LEVEL = "-Onone";
			};
			name = Debug;
		};
		511D54311FCCD83500C6B797 /* Release */ = {
			isa = XCBuildConfiguration;
			buildSettings = {
				ALWAYS_SEARCH_USER_PATHS = NO;
				CLANG_ANALYZER_NONNULL = YES;
				CLANG_ANALYZER_NUMBER_OBJECT_CONVERSION = YES_AGGRESSIVE;
				CLANG_CXX_LANGUAGE_STANDARD = "gnu++14";
				CLANG_CXX_LIBRARY = "libc++";
				CLANG_ENABLE_MODULES = YES;
				CLANG_ENABLE_OBJC_ARC = YES;
				CLANG_WARN_BLOCK_CAPTURE_AUTORELEASING = YES;
				CLANG_WARN_BOOL_CONVERSION = YES;
				CLANG_WARN_COMMA = YES;
				CLANG_WARN_CONSTANT_CONVERSION = YES;
				CLANG_WARN_DIRECT_OBJC_ISA_USAGE = YES_ERROR;
				CLANG_WARN_DOCUMENTATION_COMMENTS = YES;
				CLANG_WARN_EMPTY_BODY = YES;
				CLANG_WARN_ENUM_CONVERSION = YES;
				CLANG_WARN_INFINITE_RECURSION = YES;
				CLANG_WARN_INT_CONVERSION = YES;
				CLANG_WARN_NON_LITERAL_NULL_CONVERSION = YES;
				CLANG_WARN_OBJC_LITERAL_CONVERSION = YES;
				CLANG_WARN_OBJC_ROOT_CLASS = YES_ERROR;
				CLANG_WARN_RANGE_LOOP_ANALYSIS = YES;
				CLANG_WARN_STRICT_PROTOTYPES = YES;
				CLANG_WARN_SUSPICIOUS_MOVE = YES;
				CLANG_WARN_UNGUARDED_AVAILABILITY = YES_AGGRESSIVE;
				CLANG_WARN_UNREACHABLE_CODE = YES;
				CLANG_WARN__DUPLICATE_METHOD_MATCH = YES;
				CODE_SIGN_IDENTITY = "iPhone Developer";
				COPY_PHASE_STRIP = NO;
				DEBUG_INFORMATION_FORMAT = "dwarf-with-dsym";
				ENABLE_NS_ASSERTIONS = NO;
				ENABLE_STRICT_OBJC_MSGSEND = YES;
				GCC_C_LANGUAGE_STANDARD = gnu11;
				GCC_NO_COMMON_BLOCKS = YES;
				GCC_WARN_64_TO_32_BIT_CONVERSION = YES;
				GCC_WARN_ABOUT_RETURN_TYPE = YES_ERROR;
				GCC_WARN_UNDECLARED_SELECTOR = YES;
				GCC_WARN_UNINITIALIZED_AUTOS = YES_AGGRESSIVE;
				GCC_WARN_UNUSED_FUNCTION = YES;
				GCC_WARN_UNUSED_VARIABLE = YES;
				IPHONEOS_DEPLOYMENT_TARGET = 11.1;
				MTL_ENABLE_DEBUG_INFO = NO;
				SDKROOT = iphoneos;
				SWIFT_OPTIMIZATION_LEVEL = "-Owholemodule";
				VALIDATE_PRODUCT = YES;
			};
			name = Release;
		};
		511D54331FCCD83500C6B797 /* Debug */ = {
			isa = XCBuildConfiguration;
			buildSettings = {
				ASSETCATALOG_COMPILER_APPICON_NAME = AppIcon;
				CODE_SIGN_STYLE = Automatic;
				DEVELOPMENT_TEAM = GNT3ASGKTD;
				INFOPLIST_FILE = "I love Fatty/Info.plist";
				LD_RUNPATH_SEARCH_PATHS = "$(inherited) @executable_path/Frameworks";
				PRODUCT_BUNDLE_IDENTIFIER = "com.vinratford.I-love-Fatty";
				PRODUCT_NAME = "$(TARGET_NAME)";
				SWIFT_VERSION = 4.0;
				TARGETED_DEVICE_FAMILY = 1;
			};
			name = Debug;
		};
		511D54341FCCD83500C6B797 /* Release */ = {
			isa = XCBuildConfiguration;
			buildSettings = {
				ASSETCATALOG_COMPILER_APPICON_NAME = AppIcon;
				CODE_SIGN_STYLE = Automatic;
				DEVELOPMENT_TEAM = GNT3ASGKTD;
				INFOPLIST_FILE = "I love Fatty/Info.plist";
				LD_RUNPATH_SEARCH_PATHS = "$(inherited) @executable_path/Frameworks";
				PRODUCT_BUNDLE_IDENTIFIER = "com.vinratford.I-love-Fatty";
				PRODUCT_NAME = "$(TARGET_NAME)";
				SWIFT_VERSION = 4.0;
				TARGETED_DEVICE_FAMILY = 1;
			};
			name = Release;
		};
/* End XCBuildConfiguration section */

/* Begin XCConfigurationList section */
		511D541B1FCCD83500C6B797 /* Build configuration list for PBXProject "IloveFatty" */ = {
			isa = XCConfigurationList;
			buildConfigurations = (
				511D54301FCCD83500C6B797 /* Debug */,
				511D54311FCCD83500C6B797 /* Release */,
			);
			defaultConfigurationIsVisible = 0;
			defaultConfigurationName = Release;
		};
		511D54321FCCD83500C6B797 /* Build configuration list for PBXNativeTarget "I love Fatty" */ = {
			isa = XCConfigurationList;
			buildConfigurations = (
				511D54331FCCD83500C6B797 /* Debug */,
				511D54341FCCD83500C6B797 /* Release */,
			);
			defaultConfigurationIsVisible = 0;
			defaultConfigurationName = Release;
		};
/* End XCConfigurationList section */
	};
	rootObject = 511D54181FCCD83500C6B797 /* Project object */;
}
